
Microsoft Visual Studio Solution File, Format Version 12.00
# Visual Studio 15
VisualStudioVersion = 15.0.27130.2024
MinimumVisualStudioVersion = 10.0.40219.1
Project("{9A19103F-16F7-4668-BE54-9A1E7A4F7556}") = "HangfireTest", "HangfireTest\HangfireTest.csproj", "{808C0194-C362-41BE-98B8-C2B267F289A3}"
EndProject
Project("{E53339B2-1760-4266-BCC7-CA923CBCF16C}") = "docker-compose", "docker-compose.dcproj", "{470F3874-4A28-4FDF-A671-4DF577F972DE}"
EndProject
Global
	GlobalSection(SolutionConfigurationPlatforms) = preSolution
		Debug|Any CPU = Debug|Any CPU
		Release|Any CPU = Release|Any CPU
	EndGlobalSection
	GlobalSection(ProjectConfigurationPlatforms) = postSolution
		{808C0194-C362-41BE-98B8-C2B267F289A3}.Debug|Any CPU.ActiveCfg = Debug|Any CPU
		{808C0194-C362-41BE-98B8-C2B267F289A3}.Debug|Any CPU.Build.0 = Debug|Any CPU
		{808C0194-C362-41BE-98B8-C2B267F289A3}.Release|Any CPU.ActiveCfg = Release|Any CPU
		{808C0194-C362-41BE-98B8-C2B267F289A3}.Release|Any CPU.Build.0 = Release|Any CPU
		{470F3874-4A28-4FDF-A671-4DF577F972DE}.Debug|Any CPU.ActiveCfg = Debug|Any CPU
		{470F3874-4A28-4FDF-A671-4DF577F972DE}.Debug|Any CPU.Build.0 = Debug|Any CPU
		{470F3874-4A28-4FDF-A671-4DF577F972DE}.Release|Any CPU.ActiveCfg = Release|Any CPU
		{470F3874-4A28-4FDF-A671-4DF577F972DE}.Release|Any CPU.Build.0 = Release|Any CPU
	EndGlobalSection
	GlobalSection(SolutionProperties) = preSolution
		HideSolutionNode = FALSE
	EndGlobalSection
	GlobalSection(ExtensibilityGlobals) = postSolution
		SolutionGuid = {5C6954B5-F894-4792-A1E1-A1896A1DB739}
	EndGlobalSection
EndGlobal
